
Microsoft Visual Studio Solution File, Format Version 12.00
# Visual Studio Version 17
VisualStudioVersion = 17.5.33627.172
MinimumVisualStudioVersion = 10.0.40219.1
Project("{9092AA53-FB77-4645-B42D-1CCCA6BD08BD}") = "OpenAI Test", "OpenAI Test\OpenAI Test.njsproj", "{DD0DC8E3-FB4D-48E4-9E47-DF235A87C27F}"
EndProject
Global
	GlobalSection(SolutionConfigurationPlatforms) = preSolution
		Debug|Any CPU = Debug|Any CPU
		Release|Any CPU = Release|Any CPU
	EndGlobalSection
	GlobalSection(ProjectConfigurationPlatforms) = postSolution
		{DD0DC8E3-FB4D-48E4-9E47-DF235A87C27F}.Debug|Any CPU.ActiveCfg = Release|Any CPU
		{DD0DC8E3-FB4D-48E4-9E47-DF235A87C27F}.Debug|Any CPU.Build.0 = Release|Any CPU
		{DD0DC8E3-FB4D-48E4-9E47-DF235A87C27F}.Release|Any CPU.ActiveCfg = Release|Any CPU
		{DD0DC8E3-FB4D-48E4-9E47-DF235A87C27F}.Release|Any CPU.Build.0 = Release|Any CPU
	EndGlobalSection
	GlobalSection(SolutionProperties) = preSolution
		HideSolutionNode = FALSE
	EndGlobalSection
	GlobalSection(ExtensibilityGlobals) = postSolution
		SolutionGuid = {3A4BFF3B-A26D-4829-BF9F-E9FD6C88396F}
	EndGlobalSection
EndGlobal
